
Microsoft Visual Studio Solution File, Format Version 12.00
# Visual Studio Version 17
VisualStudioVersion = 17.0.32112.339
MinimumVisualStudioVersion = 10.0.40219.1
Project("{FAE04EC0-301F-11D3-BF4B-00C04F79EFBC}") = "Taske", "Taske\Taske.csproj", "{09B73B6E-3814-478E-AB70-2E77FBCA59AB}"
EndProject
Global
	GlobalSection(SolutionConfigurationPlatforms) = preSolution
		Debug|Any CPU = Debug|Any CPU
		Release|Any CPU = Release|Any CPU
	EndGlobalSection
	GlobalSection(ProjectConfigurationPlatforms) = postSolution
		{09B73B6E-3814-478E-AB70-2E77FBCA59AB}.Debug|Any CPU.ActiveCfg = Debug|Any CPU
		{09B73B6E-3814-478E-AB70-2E77FBCA59AB}.Debug|Any CPU.Build.0 = Debug|Any CPU
		{09B73B6E-3814-478E-AB70-2E77FBCA59AB}.Release|Any CPU.ActiveCfg = Release|Any CPU
		{09B73B6E-3814-478E-AB70-2E77FBCA59AB}.Release|Any CPU.Build.0 = Release|Any CPU
	EndGlobalSection
	GlobalSection(SolutionProperties) = preSolution
		HideSolutionNode = FALSE
	EndGlobalSection
	GlobalSection(ExtensibilityGlobals) = postSolution
		SolutionGuid = {FFFC17B0-E16D-437B-BC66-59762CB93922}
	EndGlobalSection
EndGlobal
